
Microsoft Visual Studio Solution File, Format Version 12.00
# Visual Studio Version 17
VisualStudioVersion = 17.10.35013.160
MinimumVisualStudioVersion = 10.0.40219.1
Project("{FAE04EC0-301F-11D3-BF4B-00C04F79EFBC}") = "SmartShopperAPI", "SmartShopperAPI\SmartShopperAPI.csproj", "{2557F2D6-DAD5-45D0-A7A7-2FF744735655}"
EndProject
Project("{FAE04EC0-301F-11D3-BF4B-00C04F79EFBC}") = "SmartShopperDomain", "SmartShopperDomain\SmartShopperDomain.csproj", "{D436B3A2-C000-4F82-AC92-3A1A3CE3DDB3}"
EndProject
Global
	GlobalSection(SolutionConfigurationPlatforms) = preSolution
		Debug|Any CPU = Debug|Any CPU
		Release|Any CPU = Release|Any CPU
	EndGlobalSection
	GlobalSection(ProjectConfigurationPlatforms) = postSolution
		{2557F2D6-DAD5-45D0-A7A7-2FF744735655}.Debug|Any CPU.ActiveCfg = Debug|Any CPU
		{2557F2D6-DAD5-45D0-A7A7-2FF744735655}.Debug|Any CPU.Build.0 = Debug|Any CPU
		{2557F2D6-DAD5-45D0-A7A7-2FF744735655}.Release|Any CPU.ActiveCfg = Release|Any CPU
		{2557F2D6-DAD5-45D0-A7A7-2FF744735655}.Release|Any CPU.Build.0 = Release|Any CPU
		{D436B3A2-C000-4F82-AC92-3A1A3CE3DDB3}.Debug|Any CPU.ActiveCfg = Debug|Any CPU
		{D436B3A2-C000-4F82-AC92-3A1A3CE3DDB3}.Debug|Any CPU.Build.0 = Debug|Any CPU
		{D436B3A2-C000-4F82-AC92-3A1A3CE3DDB3}.Release|Any CPU.ActiveCfg = Release|Any CPU
		{D436B3A2-C000-4F82-AC92-3A1A3CE3DDB3}.Release|Any CPU.Build.0 = Release|Any CPU
	EndGlobalSection
	GlobalSection(SolutionProperties) = preSolution
		HideSolutionNode = FALSE
	EndGlobalSection
	GlobalSection(ExtensibilityGlobals) = postSolution
		SolutionGuid = {705861E9-E483-4E6A-ABA6-A74FB2AEBBD8}
	EndGlobalSection
EndGlobal
